lockfileVersion: '9.0'

settings:
  autoInstallPeers: false
  excludeLinksFromLockfile: false

patchedDependencies:
  '@zackad/prettier-plugin-twig':
    hash: c0637e1a3a3efff7630f05728b13fe312d032484be4cba06cd97ba4ad816c8c9
    path: patches/@zackad__prettier-plugin-twig.patch

importers:

  .:
    devDependencies:
      '@prettier/plugin-php':
        specifier: 0.22.4
        version: 0.22.4(prettier@3.5.3)
      '@prettier/plugin-xml':
        specifier: 3.4.2
        version: 3.4.2(prettier@3.5.3)
      '@trivago/prettier-plugin-sort-imports':
        specifier: 5.2.2
        version: 5.2.2(prettier@3.5.3)
      '@zackad/prettier-plugin-twig':
        specifier: 0.16.0
        version: 0.16.0(patch_hash=c0637e1a3a3efff7630f05728b13fe312d032484be4cba06cd97ba4ad816c8c9)
      prettier:
        specifier: 3.5.3
        version: 3.5.3
      prettier-plugin-tailwindcss:
        specifier: 0.6.13
        version: 0.6.13(@trivago/prettier-plugin-sort-imports@5.2.2(prettier@3.5.3))(@zackad/prettier-plugin-twig@0.16.0(patch_hash=c0637e1a3a3efff7630f05728b13fe312d032484be4cba06cd97ba4ad816c8c9))(prettier@3.5.3)

packages:

  '@babel/code-frame@7.26.2':
    resolution: {integrity: sha512-RJlIHRueQgwWitWgF8OdFYGZX328Ax5BCemNGlqHfplnRT9ESi8JkFlvaVYbS+UubVY6dpv87Fs2u5M29iNFVQ==}
    engines: {node: '>=6.9.0'}

  '@babel/generator@7.26.5':
    resolution: {integrity: sha512-2caSP6fN9I7HOe6nqhtft7V4g7/V/gfDsC3Ag4W7kEzzvRGKqiv0pu0HogPiZ3KaVSoNDhUws6IJjDjpfmYIXw==}
    engines: {node: '>=6.9.0'}

  '@babel/helper-string-parser@7.25.9':
    resolution: {integrity: sha512-4A/SCr/2KLd5jrtOMFzaKjVtAei3+2r/NChoBNoZ3EyP/+GlhoaEGoWOZUmFmoITP7zOJyHIMm+DYRd8o3PvHA==}
    engines: {node: '>=6.9.0'}

  '@babel/helper-validator-identifier@7.25.9':
    resolution: {integrity: sha512-Ed61U6XJc3CVRfkERJWDz4dJwKe7iLmmJsbOGu9wSloNSFttHV0I8g6UAgb7qnK5ly5bGLPd4oXZlxCdANBOWQ==}
    engines: {node: '>=6.9.0'}

  '@babel/parser@7.26.7':
    resolution: {integrity: sha512-kEvgGGgEjRUutvdVvZhbn/BxVt+5VSpwXz1j3WYXQbXDo8KzFOPNG2GQbdAiNq8g6wn1yKk7C/qrke03a84V+w==}
    engines: {node: '>=6.0.0'}
    hasBin: true

  '@babel/template@7.25.9':
    resolution: {integrity: sha512-9DGttpmPvIxBb/2uwpVo3dqJ+O6RooAFOS+lB+xDqoE2PVCE8nfoHMdZLpfCQRLwvohzXISPZcgxt80xLfsuwg==}
    engines: {node: '>=6.9.0'}

  '@babel/traverse@7.26.7':
    resolution: {integrity: sha512-1x1sgeyRLC3r5fQOM0/xtQKsYjyxmFjaOrLJNtZ81inNjyJHGIolTULPiSc/2qe1/qfpFLisLQYFnnZl7QoedA==}
    engines: {node: '>=6.9.0'}

  '@babel/types@7.26.7':
    resolution: {integrity: sha512-t8kDRGrKXyp6+tjUh7hw2RLyclsW4TRoRvRHtSyAX9Bb5ldlFh+90YAYY6awRXrlB4G5G2izNeGySpATlFzmOg==}
    engines: {node: '>=6.9.0'}

  '@jridgewell/gen-mapping@0.3.8':
    resolution: {integrity: sha512-imAbBGkb+ebQyxKgzv5Hu2nmROxoDOXHh80evxdoXNOrvAnVx7zimzc1Oo5h9RlfV4vPXaE2iM5pOFbvOCClWA==}
    engines: {node: '>=6.0.0'}

  '@jridgewell/resolve-uri@3.1.2':
    resolution: {integrity: sha512-bRISgCIjP20/tbWSPWMEi54QVPRZExkuD9lJL+UIxUKtwVJA8wW1Trb1jMs1RFXo1CBTNZ/5hpC9QvmKWdopKw==}
    engines: {node: '>=6.0.0'}

  '@jridgewell/set-array@1.2.1':
    resolution: {integrity: sha512-R8gLRTZeyp03ymzP/6Lil/28tGeGEzhx1q2k703KGWRAI1VdvPIXdG70VJc2pAMw3NA6JKL5hhFu1sJX0Mnn/A==}
    engines: {node: '>=6.0.0'}

  '@jridgewell/sourcemap-codec@1.5.0':
    resolution: {integrity: sha512-gv3ZRaISU3fjPAgNsriBRqGWQL6quFx04YMPW/zD8XMLsU32mhCCbfbO6KZFLjvYpCZ8zyDEgqsgf+PwPaM7GQ==}

  '@jridgewell/trace-mapping@0.3.25':
    resolution: {integrity: sha512-vNk6aEwybGtawWmy/PzwnGDOjCkLWSD2wqvjGGAgOAwCGWySYXfYoxt00IJkTF+8Lb57DwOb3Aa0o9CApepiYQ==}

  '@prettier/plugin-php@0.22.4':
    resolution: {integrity: sha512-uZWqfyrwsxScIYkmVcfnoQGFmKVMXTHD5pqYT4l8fxzm5P3XY94hTPbf8X6TFCi2QTZBIot7GS8lfIjQjldc2g==}
    peerDependencies:
      prettier: ^3.0.0

  '@prettier/plugin-xml@3.4.2':
    resolution: {integrity: sha512-/UyNlHfkuLXG6Ed85KB0WBF283xn2yavR+UtRibBRUcvEJId2DSLdGXwJ/cDa1X++SWDPzq3+GSFniHjkNy7yg==}
    peerDependencies:
      prettier: ^3.0.0

  '@trivago/prettier-plugin-sort-imports@5.2.2':
    resolution: {integrity: sha512-fYDQA9e6yTNmA13TLVSA+WMQRc5Bn/c0EUBditUHNfMMxN7M82c38b1kEggVE3pLpZ0FwkwJkUEKMiOi52JXFA==}
    engines: {node: '>18.12'}
    peerDependencies:
      '@vue/compiler-sfc': 3.x
      prettier: 2.x - 3.x
      prettier-plugin-svelte: 3.x
      svelte: 4.x || 5.x
    peerDependenciesMeta:
      '@vue/compiler-sfc':
        optional: true
      prettier-plugin-svelte:
        optional: true
      svelte:
        optional: true

  '@xml-tools/parser@1.0.11':
    resolution: {integrity: sha512-aKqQ077XnR+oQtHJlrAflaZaL7qZsulWc/i/ZEooar5JiWj1eLt0+Wg28cpa+XLney107wXqneC+oG1IZvxkTA==}

  '@zackad/prettier-plugin-twig@0.16.0':
    resolution: {integrity: sha512-04ra6HWYHA5kuiv3def2d6MHzCyzG9zuCYWB5jvVpOqDrMJEt2I5D+xsQa4MtvkJ5v89kq0uFFT/PBd772bh/Q==}
    engines: {node: '>=18'}

  chevrotain@7.1.1:
    resolution: {integrity: sha512-wy3mC1x4ye+O+QkEinVJkPf5u2vsrDIYW9G7ZuwFl6v/Yu0LwUuT2POsb+NUWApebyxfkQq6+yDfRExbnI5rcw==}

  debug@4.4.0:
    resolution: {integrity: sha512-6WTZ/IxCY/T6BALoZHaE4ctp9xm+Z5kY/pzYaCHRFeyVhojxlrm+46y68HA6hr0TcwEssoxNiDEUJQjfPZ/RYA==}
    engines: {node: '>=6.0'}
    peerDependencies:
      supports-color: '*'
    peerDependenciesMeta:
      supports-color:
        optional: true

  globals@11.12.0:
    resolution: {integrity: sha512-WOBp/EEGUiIsJSp7wcv/y6MO+lV9UoncWqxuFfm8eBwzWNgyfBd6Gz+IeKQ9jCmyhoH99g15M3T+QaVHFjizVA==}
    engines: {node: '>=4'}

  he@1.2.0:
    resolution: {integrity: sha512-F/1DnUGPopORZi0ni+CvrCgHQ5FyEAHRLSApuYWMmrbSwoN2Mn/7k+Gl38gJnR7yyDZk6WLXwiGod1JOWNDKGw==}
    hasBin: true

  javascript-natural-sort@0.7.1:
    resolution: {integrity: sha512-nO6jcEfZWQXDhOiBtG2KvKyEptz7RVbpGP4vTD2hLBdmNQSsCiicO2Ioinv6UI4y9ukqnBpy+XZ9H6uLNgJTlw==}

  js-tokens@4.0.0:
    resolution: {integrity: sha512-RdJUflcE3cUzKiMqQgsCu06FPu9UdIJO0beYbPhHN4k6apgJtifcoCtT9bcxOpYBtpD2kCM6Sbzg4CausW/PKQ==}

  jsesc@3.1.0:
    resolution: {integrity: sha512-/sM3dO2FOzXjKQhJuo0Q173wf2KOo8t4I8vHy6lF9poUp7bKT0/NHE8fPX23PwfhnykfqnC2xRxOnVw5XuGIaA==}
    engines: {node: '>=6'}
    hasBin: true

  linguist-languages@7.27.0:
    resolution: {integrity: sha512-Wzx/22c5Jsv2ag+uKy+ITanGA5hzvBZngrNGDXLTC7ZjGM6FLCYGgomauTkxNJeP9of353OM0pWqngYA180xgw==}

  lodash@4.17.21:
    resolution: {integrity: sha512-v2kDEe57lecTulaDIuNTPy3Ry4gLGJ6Z1O3vE1krgXZNrsQ+LFTGHVxVjcXPs17LhbZVGedAJv8XZ1tvj5FvSg==}

  ms@2.1.3:
    resolution: {integrity: sha512-6FlzubTLZG3J2a/NVCAleEhjzq5oxgHyaCU9yYXvcLsvoVaHJq/s5xXI6/XXP6tz7R9xAOtHnSO/tXtF3WRTlA==}

  php-parser@3.2.2:
    resolution: {integrity: sha512-voj3rzCJmEbwHwH3QteON28wA6K+JbcaJEofyUZkUXmcViiXofjbSbcE5PtqtjX6nstnnAEYCFoRq0mkjP5/cg==}

  picocolors@1.1.1:
    resolution: {integrity: sha512-xceH2snhtb5M9liqDsmEw56le376mTZkEX/jEb/RxNFyegNul7eNslCXP9FDj/Lcu0X8KEyMceP2ntpaHrDEVA==}

  prettier-plugin-tailwindcss@0.6.13:
    resolution: {integrity: sha512-uQ0asli1+ic8xrrSmIOaElDu0FacR4x69GynTh2oZjFY10JUt6EEumTQl5tB4fMeD6I1naKd+4rXQQ7esT2i1g==}
    engines: {node: '>=14.21.3'}
    peerDependencies:
      '@ianvs/prettier-plugin-sort-imports': '*'
      '@prettier/plugin-pug': '*'
      '@shopify/prettier-plugin-liquid': '*'
      '@trivago/prettier-plugin-sort-imports': '*'
      '@zackad/prettier-plugin-twig': '*'
      prettier: ^3.0
      prettier-plugin-astro: '*'
      prettier-plugin-css-order: '*'
      prettier-plugin-import-sort: '*'
      prettier-plugin-jsdoc: '*'
      prettier-plugin-marko: '*'
      prettier-plugin-multiline-arrays: '*'
      prettier-plugin-organize-attributes: '*'
      prettier-plugin-organize-imports: '*'
      prettier-plugin-sort-imports: '*'
      prettier-plugin-style-order: '*'
      prettier-plugin-svelte: '*'
    peerDependenciesMeta:
      '@ianvs/prettier-plugin-sort-imports':
        optional: true
      '@prettier/plugin-pug':
        optional: true
      '@shopify/prettier-plugin-liquid':
        optional: true
      '@trivago/prettier-plugin-sort-imports':
        optional: true
      '@zackad/prettier-plugin-twig':
        optional: true
      prettier-plugin-astro:
        optional: true
      prettier-plugin-css-order:
        optional: true
      prettier-plugin-import-sort:
        optional: true
      prettier-plugin-jsdoc:
        optional: true
      prettier-plugin-marko:
        optional: true
      prettier-plugin-multiline-arrays:
        optional: true
      prettier-plugin-organize-attributes:
        optional: true
      prettier-plugin-organize-imports:
        optional: true
      prettier-plugin-sort-imports:
        optional: true
      prettier-plugin-style-order:
        optional: true
      prettier-plugin-svelte:
        optional: true

  prettier@3.5.3:
    resolution: {integrity: sha512-QQtaxnoDJeAkDvDKWCLiwIXkTgRhwYDEQCghU9Z6q03iyek/rxRh/2lC3HB7P8sWT2xC/y5JDctPLBIGzHKbhw==}
    engines: {node: '>=14'}
    hasBin: true

  regexp-to-ast@0.5.0:
    resolution: {integrity: sha512-tlbJqcMHnPKI9zSrystikWKwHkBqu2a/Sgw01h3zFjvYrMxEDYHzzoMZnUrbIfpTFEsoRnnviOXNCzFiSc54Qw==}

snapshots:

  '@babel/code-frame@7.26.2':
    dependencies:
      '@babel/helper-validator-identifier': 7.25.9
      js-tokens: 4.0.0
      picocolors: 1.1.1

  '@babel/generator@7.26.5':
    dependencies:
      '@babel/parser': 7.26.7
      '@babel/types': 7.26.7
      '@jridgewell/gen-mapping': 0.3.8
      '@jridgewell/trace-mapping': 0.3.25
      jsesc: 3.1.0

  '@babel/helper-string-parser@7.25.9': {}

  '@babel/helper-validator-identifier@7.25.9': {}

  '@babel/parser@7.26.7':
    dependencies:
      '@babel/types': 7.26.7

  '@babel/template@7.25.9':
    dependencies:
      '@babel/code-frame': 7.26.2
      '@babel/parser': 7.26.7
      '@babel/types': 7.26.7

  '@babel/traverse@7.26.7':
    dependencies:
      '@babel/code-frame': 7.26.2
      '@babel/generator': 7.26.5
      '@babel/parser': 7.26.7
      '@babel/template': 7.25.9
      '@babel/types': 7.26.7
      debug: 4.4.0
      globals: 11.12.0
    transitivePeerDependencies:
      - supports-color

  '@babel/types@7.26.7':
    dependencies:
      '@babel/helper-string-parser': 7.25.9
      '@babel/helper-validator-identifier': 7.25.9

  '@jridgewell/gen-mapping@0.3.8':
    dependencies:
      '@jridgewell/set-array': 1.2.1
      '@jridgewell/sourcemap-codec': 1.5.0
      '@jridgewell/trace-mapping': 0.3.25

  '@jridgewell/resolve-uri@3.1.2': {}

  '@jridgewell/set-array@1.2.1': {}

  '@jridgewell/sourcemap-codec@1.5.0': {}

  '@jridgewell/trace-mapping@0.3.25':
    dependencies:
      '@jridgewell/resolve-uri': 3.1.2
      '@jridgewell/sourcemap-codec': 1.5.0

  '@prettier/plugin-php@0.22.4(prettier@3.5.3)':
    dependencies:
      linguist-languages: 7.27.0
      php-parser: 3.2.2
      prettier: 3.5.3

  '@prettier/plugin-xml@3.4.2(prettier@3.5.3)':
    dependencies:
      '@xml-tools/parser': 1.0.11
      prettier: 3.5.3

  '@trivago/prettier-plugin-sort-imports@5.2.2(prettier@3.5.3)':
    dependencies:
      '@babel/generator': 7.26.5
      '@babel/parser': 7.26.7
      '@babel/traverse': 7.26.7
      '@babel/types': 7.26.7
      javascript-natural-sort: 0.7.1
      lodash: 4.17.21
      prettier: 3.5.3
    transitivePeerDependencies:
      - supports-color

  '@xml-tools/parser@1.0.11':
    dependencies:
      chevrotain: 7.1.1

  '@zackad/prettier-plugin-twig@0.16.0(patch_hash=c0637e1a3a3efff7630f05728b13fe312d032484be4cba06cd97ba4ad816c8c9)':
    dependencies:
      '@babel/template': 7.25.9
      '@babel/types': 7.26.7
      he: 1.2.0
      lodash: 4.17.21
      prettier: 3.5.3

  chevrotain@7.1.1:
    dependencies:
      regexp-to-ast: 0.5.0

  debug@4.4.0:
    dependencies:
      ms: 2.1.3

  globals@11.12.0: {}

  he@1.2.0: {}

  javascript-natural-sort@0.7.1: {}

  js-tokens@4.0.0: {}

  jsesc@3.1.0: {}

  linguist-languages@7.27.0: {}

  lodash@4.17.21: {}

  ms@2.1.3: {}

  php-parser@3.2.2: {}

  picocolors@1.1.1: {}

  prettier-plugin-tailwindcss@0.6.13(@trivago/prettier-plugin-sort-imports@5.2.2(prettier@3.5.3))(@zackad/prettier-plugin-twig@0.16.0(patch_hash=c0637e1a3a3efff7630f05728b13fe312d032484be4cba06cd97ba4ad816c8c9))(prettier@3.5.3):
    dependencies:
      prettier: 3.5.3
    optionalDependencies:
      '@trivago/prettier-plugin-sort-imports': 5.2.2(prettier@3.5.3)
      '@zackad/prettier-plugin-twig': 0.16.0(patch_hash=c0637e1a3a3efff7630f05728b13fe312d032484be4cba06cd97ba4ad816c8c9)

  prettier@3.5.3: {}

  regexp-to-ast@0.5.0: {}
